<?xml version="1.0" encoding="utf-8"?>
<Project ToolsVersion="4.0" xmlns="http://schemas.microsoft.com/developer/msbuild/2003">
  <ItemGroup>
    <Filter Include="Source Files">
      <UniqueIdentifier>{4FC737F1-C7A5-4376-A066-2A32D752A2FF}</UniqueIdentifier>
      <Extensions>cpp;c;cc;cxx;def;odl;idl;hpj;bat;asm;asmx</Extensions>
    </Filter>
    <Filter Include="Header Files">
      <UniqueIdentifier>{93995380-89BD-4b04-88EB-625FBE52EBFB}</UniqueIdentifier>
      <Extensions>h;hh;hpp;hxx;hm;inl;inc;xsd</Extensions>
    </Filter>
    <Filter Include="Resource Files">
      <UniqueIdentifier>{67DA6AB6-F800-4c08-8B7A-83BB121AAD01}</UniqueIdentifier>
      <Extensions>rc;ico;cur;bmp;dlg;rc2;rct;bin;rgs;gif;jpg;jpeg;jpe;resx;tiff;tif;png;wav;mfcribbon-ms</Extensions>
    </Filter>
    <Filter Include="Visuals">
      <UniqueIdentifier>{95db543e-641a-4095-a2e3-b0c584157c0b}</UniqueIdentifier>
    </Filter>
    <Filter Include="Third Party">
      <UniqueIdentifier>{15d9b97f-a554-4490-9efc-91c9d933ea2f}</UniqueIdentifier>
    </Filter>
  </ItemGroup>
  <ItemGroup>
    <Text Include="ReadMe.txt" />
  </ItemGroup>
  <ItemGroup>
    <ClInclude Include="stdafx.h">
      <Filter>Header Files</Filter>
    </ClInclude>
    <ClInclude Include="targetver.h">
      <Filter>Header Files</Filter>
    </ClInclude>
    <ClInclude Include="Resource.h">
      <Filter>Header Files</Filter>
    </ClInclude>
    <ClInclude Include="VUPlayer.h">
      <Filter>Header Files</Filter>
    </ClInclude>
    <ClInclude Include="Output.h">
      <Filter>Header Files</Filter>
    </ClInclude>
    <ClInclude Include="Utility.h">
      <Filter>Header Files</Filter>
    </ClInclude>
    <ClInclude Include="Library.h">
      <Filter>Header Files</Filter>
    </ClInclude>
    <ClInclude Include="Playlist.h">
      <Filter>Header Files</Filter>
    </ClInclude>
    <ClInclude Include="WndList.h">
      <Filter>Header Files</Filter>
    </ClInclude>
    <ClInclude Include="Settings.h">
      <Filter>Header Files</Filter>
    </ClInclude>
    <ClInclude Include="ShellMetadata.h">
      <Filter>Header Files</Filter>
    </ClInclude>
    <ClInclude Include="MediaInfo.h">
      <Filter>Header Files</Filter>
    </ClInclude>
    <ClInclude Include="WndRebar.h">
      <Filter>Header Files</Filter>
    </ClInclude>
    <ClInclude Include="WndTrackbar.h">
      <Filter>Header Files</Filter>
    </ClInclude>
    <ClInclude Include="WndTrackbarVolume.h">
      <Filter>Header Files</Filter>
    </ClInclude>
    <ClInclude Include="WndTrackbarSeek.h">
      <Filter>Header Files</Filter>
    </ClInclude>
    <ClInclude Include="WndSplit.h">
      <Filter>Header Files</Filter>
    </ClInclude>
    <ClInclude Include="WndTree.h">
      <Filter>Header Files</Filter>
    </ClInclude>
    <ClInclude Include="WndStatus.h">
      <Filter>Header Files</Filter>
    </ClInclude>
    <ClInclude Include="WndVisual.h">
      <Filter>Header Files</Filter>
    </ClInclude>
    <ClInclude Include="Visual.h">
      <Filter>Header Files</Filter>
    </ClInclude>
    <ClInclude Include="Artwork.h">
      <Filter>Visuals</Filter>
    </ClInclude>
    <ClInclude Include="VUMeter.h">
      <Filter>Visuals</Filter>
    </ClInclude>
    <ClInclude Include="Handler.h">
      <Filter>Header Files</Filter>
    </ClInclude>
    <ClInclude Include="HandlerBass.h">
      <Filter>Header Files</Filter>
    </ClInclude>
    <ClInclude Include="HandlerFlac.h">
      <Filter>Header Files</Filter>
    </ClInclude>
    <ClInclude Include="Handlers.h">
      <Filter>Header Files</Filter>
    </ClInclude>
    <ClInclude Include="Decoder.h">
      <Filter>Header Files</Filter>
    </ClInclude>
    <ClInclude Include="DecoderBass.h">
      <Filter>Header Files</Filter>
    </ClInclude>
    <ClInclude Include="DecoderFlac.h">
      <Filter>Header Files</Filter>
    </ClInclude>
    <ClInclude Include="Database.h">
      <Filter>Header Files</Filter>
    </ClInclude>
    <ClInclude Include="Oscilloscope.h">
      <Filter>Visuals</Filter>
    </ClInclude>
    <ClInclude Include="WndToolbar.h">
      <Filter>Header Files</Filter>
    </ClInclude>
    <ClInclude Include="HandlerWavpack.h">
      <Filter>Header Files</Filter>
    </ClInclude>
    <ClInclude Include="DecoderWavpack.h">
      <Filter>Header Files</Filter>
    </ClInclude>
    <ClInclude Include="WndCounter.h">
      <Filter>Header Files</Filter>
    </ClInclude>
    <ClInclude Include="SpectrumAnalyser.h">
      <Filter>Visuals</Filter>
    </ClInclude>
    <ClInclude Include="DlgTrackInfo.h">
      <Filter>Header Files</Filter>
    </ClInclude>
    <ClInclude Include="DlgOptions.h">
      <Filter>Header Files</Filter>
    </ClInclude>
    <ClInclude Include="Options.h">
      <Filter>Header Files</Filter>
    </ClInclude>
    <ClInclude Include="OptionsGeneral.h">
      <Filter>Header Files</Filter>
    </ClInclude>
    <ClInclude Include="OptionsMod.h">
      <Filter>Header Files</Filter>
    </ClInclude>
    <ClInclude Include="WndTray.h">
      <Filter>Header Files</Filter>
    </ClInclude>
    <ClInclude Include="Lock.h">
      <Filter>Header Files</Filter>
    </ClInclude>
    <ClInclude Include="NullVisual.h">
      <Filter>Visuals</Filter>
    </ClInclude>
    <ClInclude Include="OptionsHotkeys.h">
      <Filter>Header Files</Filter>
    </ClInclude>
    <ClInclude Include="Hotkeys.h">
      <Filter>Header Files</Filter>
    </ClInclude>
    <ClInclude Include="DlgHotkey.h">
      <Filter>Header Files</Filter>
    </ClInclude>
    <ClInclude Include="WndToolbarPlayback.h">
      <Filter>Header Files</Filter>
    </ClInclude>
    <ClInclude Include="WndToolbarFlow.h">
      <Filter>Header Files</Filter>
    </ClInclude>
    <ClInclude Include="WndToolbarInfo.h">
      <Filter>Header Files</Filter>
    </ClInclude>
    <ClInclude Include="WndToolbarOptions.h">
      <Filter>Header Files</Filter>
    </ClInclude>
    <ClInclude Include="WndToolbarFile.h">
      <Filter>Header Files</Filter>
    </ClInclude>
    <ClInclude Include="WndToolbarCrossfade.h">
      <Filter>Header Files</Filter>
    </ClInclude>
    <ClInclude Include="WndToolbarPlaylist.h">
      <Filter>Header Files</Filter>
    </ClInclude>
    <ClInclude Include="DecoderOpus.h">
      <Filter>Header Files</Filter>
    </ClInclude>
    <ClInclude Include="HandlerOpus.h">
      <Filter>Header Files</Filter>
    </ClInclude>
    <ClInclude Include="LibraryMaintainer.h">
      <Filter>Header Files</Filter>
    </ClInclude>
    <ClInclude Include="PeakMeter.h">
      <Filter>Visuals</Filter>
    </ClInclude>
    <ClInclude Include="WndToolbarFavourites.h">
      <Filter>Header Files</Filter>
    </ClInclude>
    <ClInclude Include="DiscManager.h">
      <Filter>Header Files</Filter>
    </ClInclude>
    <ClInclude Include="CDDAMedia.h">
      <Filter>Header Files</Filter>
    </ClInclude>
    <ClInclude Include="DecoderCDDA.h">
      <Filter>Header Files</Filter>
    </ClInclude>
    <ClInclude Include="HandlerCDDA.h">
      <Filter>Header Files</Filter>
    </ClInclude>
    <ClInclude Include="DlgConvert.h">
      <Filter>Header Files</Filter>
    </ClInclude>
    <ClInclude Include="DlgConvertFilename.h">
      <Filter>Header Files</Filter>
    </ClInclude>
    <ClInclude Include="Encoder.h">
      <Filter>Header Files</Filter>
    </ClInclude>
    <ClInclude Include="EncoderFlac.h">
      <Filter>Header Files</Filter>
    </ClInclude>
    <ClInclude Include="CDDAExtract.h">
      <Filter>Header Files</Filter>
    </ClInclude>
    <ClInclude Include="DlgEQ.h">
      <Filter>Header Files</Filter>
    </ClInclude>
    <ClInclude Include="WndToolbarEQ.h">
      <Filter>Header Files</Filter>
    </ClInclude>
    <ClInclude Include="EncoderMP3.h">
      <Filter>Header Files</Filter>
    </ClInclude>
    <ClInclude Include="HandlerMP3.h">
      <Filter>Header Files</Filter>
    </ClInclude>
    <ClInclude Include="EncoderPCM.h">
      <Filter>Header Files</Filter>
    </ClInclude>
    <ClInclude Include="HandlerPCM.h">
      <Filter>Header Files</Filter>
    </ClInclude>
    <ClInclude Include="Converter.h">
      <Filter>Header Files</Filter>
    </ClInclude>
    <ClInclude Include="WndToolbarConvert.h">
      <Filter>Header Files</Filter>
    </ClInclude>
    <ClInclude Include="FolderMonitor.h">
      <Filter>Header Files</Filter>
    </ClInclude>
    <ClInclude Include="WndToolbarTrackEnd.h">
      <Filter>Header Files</Filter>
    </ClInclude>
    <ClInclude Include="Scrobbler.h">
      <Filter>Header Files</Filter>
    </ClInclude>
    <ClInclude Include="EncoderOpus.h">
      <Filter>Header Files</Filter>
    </ClInclude>
    <ClInclude Include="Tag.h">
      <Filter>Header Files</Filter>
    </ClInclude>
    <ClInclude Include="OggPage.h">
      <Filter>Header Files</Filter>
    </ClInclude>
    <ClInclude Include="OpusComment.h">
      <Filter>Header Files</Filter>
    </ClInclude>
    <ClInclude Include="OptionsLoudness.h">
      <Filter>Header Files</Filter>
    </ClInclude>
    <ClInclude Include="GainCalculator.h">
      <Filter>Header Files</Filter>
    </ClInclude>
    <ClInclude Include="DlgAdvancedWasapi.h">
      <Filter>Header Files</Filter>
    </ClInclude>
    <ClInclude Include="DlgAdvancedASIO.h">
      <Filter>Header Files</Filter>
    </ClInclude>
    <ClInclude Include="DecoderMAC.h">
      <Filter>Header Files</Filter>
    </ClInclude>
    <ClInclude Include="HandlerMAC.h">
      <Filter>Header Files</Filter>
    </ClInclude>
    <ClInclude Include="DlgAddStream.h">
      <Filter>Header Files</Filter>
    </ClInclude>
    <ClInclude Include="DecoderMPC.h">
      <Filter>Header Files</Filter>
    </ClInclude>
    <ClInclude Include="HandlerMPC.h">
      <Filter>Header Files</Filter>
    </ClInclude>
    <ClInclude Include="MusicBrainz.h">
      <Filter>Header Files</Filter>
    </ClInclude>
    <ClInclude Include="OptionsArtwork.h">
      <Filter>Header Files</Filter>
    </ClInclude>
    <ClInclude Include="WndRebarItem.h">
      <Filter>Header Files</Filter>
    </ClInclude>
    <ClInclude Include="WndToolbarVolume.h">
      <Filter>Header Files</Filter>
    </ClInclude>
    <ClInclude Include="DecoderFFmpeg.h">
      <Filter>Header Files</Filter>
    </ClInclude>
    <ClInclude Include="HandlerFFmpeg.h">
      <Filter>Header Files</Filter>
    </ClInclude>
    <ClInclude Include="OptionsTaskbar.h">
      <Filter>Header Files</Filter>
    </ClInclude>
    <ClInclude Include="WndTaskbar.h">
      <Filter>Header Files</Filter>
    </ClInclude>
    <ClInclude Include="OutputDecoder.h">
      <Filter>Header Files</Filter>
    </ClInclude>
    <ClInclude Include="CDDACache.h">
      <Filter>Header Files</Filter>
    </ClInclude>
    <ClInclude Include="libs\json-3.11.2\json.hpp">
      <Filter>Third Party</Filter>
    </ClInclude>
    <ClInclude Include="libs\sqlite-3.39.3\sqlite3.h">
      <Filter>Third Party</Filter>
    </ClInclude>
    <ClInclude Include="libs\libebur128-1.2.6\ebur128.h">
      <Filter>Third Party</Filter>
    </ClInclude>
    <ClInclude Include="libs\vorbis-tools-1.4.2\vorbiscomment\i18n.h">
      <Filter>Third Party</Filter>
    </ClInclude>
    <ClInclude Include="libs\vorbis-tools-1.4.2\vorbiscomment\vcedit.h">
      <Filter>Third Party</Filter>
    </ClInclude>
    <ClInclude Include="HandlerOpenMPT.h">
      <Filter>Header Files</Filter>
    </ClInclude>
    <ClInclude Include="DecoderOpenMPT.h">
      <Filter>Header Files</Filter>
    </ClInclude>
  </ItemGroup>
  <ItemGroup>
    <ClCompile Include="VUPlayer.cpp">
      <Filter>Source Files</Filter>
    </ClCompile>
    <ClCompile Include="Output.cpp">
      <Filter>Source Files</Filter>
    </ClCompile>
    <ClCompile Include="Utility.cpp">
      <Filter>Source Files</Filter>
    </ClCompile>
    <ClCompile Include="Library.cpp">
      <Filter>Source Files</Filter>
    </ClCompile>
    <ClCompile Include="Playlist.cpp">
      <Filter>Source Files</Filter>
    </ClCompile>
    <ClCompile Include="WndList.cpp">
      <Filter>Source Files</Filter>
    </ClCompile>
    <ClCompile Include="Settings.cpp">
      <Filter>Source Files</Filter>
    </ClCompile>
    <ClCompile Include="ShellMetadata.cpp">
      <Filter>Source Files</Filter>
    </ClCompile>
    <ClCompile Include="MediaInfo.cpp">
      <Filter>Source Files</Filter>
    </ClCompile>
    <ClCompile Include="WndRebar.cpp">
      <Filter>Source Files</Filter>
    </ClCompile>
    <ClCompile Include="WndTrackbar.cpp">
      <Filter>Source Files</Filter>
    </ClCompile>
    <ClCompile Include="WndTrackbarVolume.cpp">
      <Filter>Source Files</Filter>
    </ClCompile>
    <ClCompile Include="WndTrackbarSeek.cpp">
      <Filter>Source Files</Filter>
    </ClCompile>
    <ClCompile Include="WndSplit.cpp">
      <Filter>Source Files</Filter>
    </ClCompile>
    <ClCompile Include="WndTree.cpp">
      <Filter>Source Files</Filter>
    </ClCompile>
    <ClCompile Include="WndMain.cpp">
      <Filter>Source Files</Filter>
    </ClCompile>
    <ClCompile Include="WndStatus.cpp">
      <Filter>Source Files</Filter>
    </ClCompile>
    <ClCompile Include="WndVisual.cpp">
      <Filter>Source Files</Filter>
    </ClCompile>
    <ClCompile Include="Visual.cpp">
      <Filter>Source Files</Filter>
    </ClCompile>
    <ClCompile Include="Artwork.cpp">
      <Filter>Visuals</Filter>
    </ClCompile>
    <ClCompile Include="VUMeter.cpp">
      <Filter>Visuals</Filter>
    </ClCompile>
    <ClCompile Include="HandlerBass.cpp">
      <Filter>Source Files</Filter>
    </ClCompile>
    <ClCompile Include="HandlerFlac.cpp">
      <Filter>Source Files</Filter>
    </ClCompile>
    <ClCompile Include="Handlers.cpp">
      <Filter>Source Files</Filter>
    </ClCompile>
    <ClCompile Include="DecoderBass.cpp">
      <Filter>Source Files</Filter>
    </ClCompile>
    <ClCompile Include="DecoderFlac.cpp">
      <Filter>Source Files</Filter>
    </ClCompile>
    <ClCompile Include="Database.cpp">
      <Filter>Source Files</Filter>
    </ClCompile>
    <ClCompile Include="Oscilloscope.cpp">
      <Filter>Visuals</Filter>
    </ClCompile>
    <ClCompile Include="WndToolbar.cpp">
      <Filter>Source Files</Filter>
    </ClCompile>
    <ClCompile Include="HandlerWavpack.cpp">
      <Filter>Source Files</Filter>
    </ClCompile>
    <ClCompile Include="DecoderWavpack.cpp">
      <Filter>Source Files</Filter>
    </ClCompile>
    <ClCompile Include="WndCounter.cpp">
      <Filter>Source Files</Filter>
    </ClCompile>
    <ClCompile Include="SpectrumAnalyser.cpp">
      <Filter>Visuals</Filter>
    </ClCompile>
    <ClCompile Include="DlgTrackInfo.cpp">
      <Filter>Source Files</Filter>
    </ClCompile>
    <ClCompile Include="Decoder.cpp">
      <Filter>Source Files</Filter>
    </ClCompile>
    <ClCompile Include="DlgOptions.cpp">
      <Filter>Source Files</Filter>
    </ClCompile>
    <ClCompile Include="Options.cpp">
      <Filter>Source Files</Filter>
    </ClCompile>
    <ClCompile Include="OptionsGeneral.cpp">
      <Filter>Source Files</Filter>
    </ClCompile>
    <ClCompile Include="OptionsMod.cpp">
      <Filter>Source Files</Filter>
    </ClCompile>
    <ClCompile Include="WndTray.cpp">
      <Filter>Source Files</Filter>
    </ClCompile>
    <ClCompile Include="Lock.cpp">
      <Filter>Source Files</Filter>
    </ClCompile>
    <ClCompile Include="NullVisual.cpp">
      <Filter>Visuals</Filter>
    </ClCompile>
    <ClCompile Include="OptionsHotkeys.cpp">
      <Filter>Source Files</Filter>
    </ClCompile>
    <ClCompile Include="Hotkeys.cpp">
      <Filter>Source Files</Filter>
    </ClCompile>
    <ClCompile Include="DlgHotkey.cpp">
      <Filter>Source Files</Filter>
    </ClCompile>
    <ClCompile Include="WndToolbarPlayback.cpp">
      <Filter>Source Files</Filter>
    </ClCompile>
    <ClCompile Include="WndToolbarFlow.cpp">
      <Filter>Source Files</Filter>
    </ClCompile>
    <ClCompile Include="WndToolbarInfo.cpp">
      <Filter>Source Files</Filter>
    </ClCompile>
    <ClCompile Include="WndToolbarOptions.cpp">
      <Filter>Source Files</Filter>
    </ClCompile>
    <ClCompile Include="WndToolbarFile.cpp">
      <Filter>Source Files</Filter>
    </ClCompile>
    <ClCompile Include="WndToolbarCrossfade.cpp">
      <Filter>Source Files</Filter>
    </ClCompile>
    <ClCompile Include="WndToolbarPlaylist.cpp">
      <Filter>Source Files</Filter>
    </ClCompile>
    <ClCompile Include="DecoderOpus.cpp">
      <Filter>Source Files</Filter>
    </ClCompile>
    <ClCompile Include="HandlerOpus.cpp">
      <Filter>Source Files</Filter>
    </ClCompile>
    <ClCompile Include="LibraryMaintainer.cpp">
      <Filter>Source Files</Filter>
    </ClCompile>
    <ClCompile Include="PeakMeter.cpp">
      <Filter>Visuals</Filter>
    </ClCompile>
    <ClCompile Include="WndToolbarFavourites.cpp">
      <Filter>Source Files</Filter>
    </ClCompile>
    <ClCompile Include="DiscManager.cpp">
      <Filter>Source Files</Filter>
    </ClCompile>
    <ClCompile Include="CDDAMedia.cpp">
      <Filter>Source Files</Filter>
    </ClCompile>
    <ClCompile Include="DecoderCDDA.cpp">
      <Filter>Source Files</Filter>
    </ClCompile>
    <ClCompile Include="HandlerCDDA.cpp">
      <Filter>Source Files</Filter>
    </ClCompile>
    <ClCompile Include="DlgConvert.cpp">
      <Filter>Source Files</Filter>
    </ClCompile>
    <ClCompile Include="DlgConvertFilename.cpp">
      <Filter>Source Files</Filter>
    </ClCompile>
    <ClCompile Include="EncoderFlac.cpp">
      <Filter>Source Files</Filter>
    </ClCompile>
    <ClCompile Include="CDDAExtract.cpp">
      <Filter>Source Files</Filter>
    </ClCompile>
    <ClCompile Include="DlgEQ.cpp">
      <Filter>Source Files</Filter>
    </ClCompile>
    <ClCompile Include="WndToolbarEQ.cpp">
      <Filter>Source Files</Filter>
    </ClCompile>
    <ClCompile Include="EncoderMP3.cpp">
      <Filter>Source Files</Filter>
    </ClCompile>
    <ClCompile Include="HandlerMP3.cpp">
      <Filter>Source Files</Filter>
    </ClCompile>
    <ClCompile Include="EncoderPCM.cpp">
      <Filter>Source Files</Filter>
    </ClCompile>
    <ClCompile Include="HandlerPCM.cpp">
      <Filter>Source Files</Filter>
    </ClCompile>
    <ClCompile Include="Converter.cpp">
      <Filter>Source Files</Filter>
    </ClCompile>
    <ClCompile Include="WndToolbarConvert.cpp">
      <Filter>Source Files</Filter>
    </ClCompile>
    <ClCompile Include="FolderMonitor.cpp">
      <Filter>Source Files</Filter>
    </ClCompile>
    <ClCompile Include="WndToolbarTrackEnd.cpp">
      <Filter>Source Files</Filter>
    </ClCompile>
    <ClCompile Include="Scrobbler.cpp">
      <Filter>Source Files</Filter>
    </ClCompile>
    <ClCompile Include="EncoderOpus.cpp">
      <Filter>Source Files</Filter>
    </ClCompile>
    <ClCompile Include="OggPage.cpp">
      <Filter>Source Files</Filter>
    </ClCompile>
    <ClCompile Include="OpusComment.cpp">
      <Filter>Source Files</Filter>
    </ClCompile>
    <ClCompile Include="OptionsLoudness.cpp">
      <Filter>Source Files</Filter>
    </ClCompile>
    <ClCompile Include="GainCalculator.cpp">
      <Filter>Source Files</Filter>
    </ClCompile>
    <ClCompile Include="DlgAdvancedWasapi.cpp">
      <Filter>Source Files</Filter>
    </ClCompile>
    <ClCompile Include="DlgAdvancedASIO.cpp">
      <Filter>Source Files</Filter>
    </ClCompile>
    <ClCompile Include="DecoderMAC.cpp">
      <Filter>Source Files</Filter>
    </ClCompile>
    <ClCompile Include="HandlerMAC.cpp">
      <Filter>Source Files</Filter>
    </ClCompile>
    <ClCompile Include="DlgAddStream.cpp">
      <Filter>Source Files</Filter>
    </ClCompile>
    <ClCompile Include="DecoderMPC.cpp">
      <Filter>Source Files</Filter>
    </ClCompile>
    <ClCompile Include="HandlerMPC.cpp">
      <Filter>Source Files</Filter>
    </ClCompile>
    <ClCompile Include="MusicBrainz.cpp">
      <Filter>Source Files</Filter>
    </ClCompile>
    <ClCompile Include="OptionsArtwork.cpp">
      <Filter>Source Files</Filter>
    </ClCompile>
    <ClCompile Include="WndToolbarVolume.cpp">
      <Filter>Source Files</Filter>
    </ClCompile>
    <ClCompile Include="DecoderFFmpeg.cpp">
      <Filter>Source Files</Filter>
    </ClCompile>
    <ClCompile Include="HandlerFFmpeg.cpp">
      <Filter>Source Files</Filter>
    </ClCompile>
    <ClCompile Include="OptionsTaskbar.cpp">
      <Filter>Source Files</Filter>
    </ClCompile>
    <ClCompile Include="WndTaskbar.cpp">
      <Filter>Source Files</Filter>
    </ClCompile>
    <ClCompile Include="OutputDecoder.cpp">
      <Filter>Source Files</Filter>
    </ClCompile>
    <ClCompile Include="CDDACache.cpp">
      <Filter>Source Files</Filter>
    </ClCompile>
    <ClCompile Include="libs\sqlite-3.39.3\sqlite3.c">
      <Filter>Third Party</Filter>
    </ClCompile>
    <ClCompile Include="libs\libebur128-1.2.6\ebur128.c">
      <Filter>Third Party</Filter>
    </ClCompile>
    <ClCompile Include="libs\vorbis-tools-1.4.2\vorbiscomment\vcedit.c">
      <Filter>Third Party</Filter>
    </ClCompile>
    <ClCompile Include="HandlerOpenMPT.cpp">
      <Filter>Source Files</Filter>
    </ClCompile>
    <ClCompile Include="DecoderOpenMPT.cpp">
      <Filter>Source Files</Filter>
    </ClCompile>
  </ItemGroup>
  <ItemGroup>
    <ResourceCompile Include="VUPlayer.rc">
      <Filter>Resource Files</Filter>
    </ResourceCompile>
  </ItemGroup>
  <ItemGroup>
    <Image Include="res\VUPlayer.ico">
      <Filter>Resource Files</Filter>
    </Image>
    <Image Include="res\placeholder.png">
      <Filter>Resource Files</Filter>
    </Image>
    <Image Include="res\play.ico">
      <Filter>Resource Files</Filter>
    </Image>
    <Image Include="res\pause.ico">
      <Filter>Resource Files</Filter>
    </Image>
    <Image Include="res\stop.ico">
      <Filter>Resource Files</Filter>
    </Image>
    <Image Include="res\previous.ico">
      <Filter>Resource Files</Filter>
    </Image>
    <Image Include="res\next.ico">
      <Filter>Resource Files</Filter>
    </Image>
    <Image Include="res\random.ico">
      <Filter>Resource Files</Filter>
    </Image>
    <Image Include="res\repeat_track.ico">
      <Filter>Resource Files</Filter>
    </Image>
    <Image Include="res\repeat_playlist.ico">
      <Filter>Resource Files</Filter>
    </Image>
    <Image Include="res\info.ico">
      <Filter>Resource Files</Filter>
    </Image>
    <Image Include="res\options.ico">
      <Filter>Resource Files</Filter>
    </Image>
    <Image Include="res\new_playlist.ico">
      <Filter>Resource Files</Filter>
    </Image>
    <Image Include="res\add_files.ico">
      <Filter>Resource Files</Filter>
    </Image>
    <Image Include="res\remove_files.ico">
      <Filter>Resource Files</Filter>
    </Image>
    <Image Include="res\crossfade.ico">
      <Filter>Resource Files</Filter>
    </Image>
    <Image Include="res\add_folder.ico">
      <Filter>Resource Files</Filter>
    </Image>
    <Image Include="res\volume.ico">
      <Filter>Resource Files</Filter>
    </Image>
    <Image Include="res\volume_mute.ico">
      <Filter>Resource Files</Filter>
    </Image>
    <Image Include="res\album.ico">
      <Filter>Resource Files</Filter>
    </Image>
    <Image Include="res\artist.ico">
      <Filter>Resource Files</Filter>
    </Image>
    <Image Include="res\artists.ico">
      <Filter>Resource Files</Filter>
    </Image>
    <Image Include="res\playlist.ico">
      <Filter>Resource Files</Filter>
    </Image>
    <Image Include="res\genre.ico">
      <Filter>Resource Files</Filter>
    </Image>
    <Image Include="res\year.ico">
      <Filter>Resource Files</Filter>
    </Image>
    <Image Include="res\library.ico">
      <Filter>Resource Files</Filter>
    </Image>
    <Image Include="res\favourites.ico">
      <Filter>Resource Files</Filter>
    </Image>
    <Image Include="res\pitch.ico">
      <Filter>Resource Files</Filter>
    </Image>
    <Image Include="res\eq.ico">
      <Filter>Resource Files</Filter>
    </Image>
    <Image Include="res\convert.ico">
      <Filter>Resource Files</Filter>
    </Image>
    <Image Include="res\folder.ico">
      <Filter>Resource Files</Filter>
    </Image>
    <Image Include="res\computer.ico">
      <Filter>Resource Files</Filter>
    </Image>
    <Image Include="res\disk.ico">
      <Filter>Resource Files</Filter>
    </Image>
    <Image Include="res\stop_at_end.ico">
      <Filter>Resource Files</Filter>
    </Image>
    <Image Include="res\fade_out.ico">
      <Filter>Resource Files</Filter>
    </Image>
    <Image Include="res\fade_to_next.ico">
      <Filter>Resource Files</Filter>
    </Image>
    <Image Include="res\add_stream.ico">
      <Filter>Resource Files</Filter>
    </Image>
    <Image Include="res\streams.ico">
      <Filter>Resource Files</Filter>
    </Image>
    <Image Include="res\balance.ico">
      <Filter>Resource Files</Filter>
    </Image>
  </ItemGroup>
  <ItemGroup>
    <Manifest Include="res\version.manifest">
      <Filter>Resource Files</Filter>
    </Manifest>
  </ItemGroup>
  <ItemGroup>
    <None Include="res\vumeter.data" />
  </ItemGroup>
</Project>